
Microsoft Visual Studio Solution File, Format Version 12.00
# Visual Studio 14
VisualStudioVersion = 14.0.25420.1
MinimumVisualStudioVersion = 10.0.40219.1
Project("{E24C65DC-7377-472B-9ABA-BC803B73C61A}") = "cvCard-Html", "http://localhost:1771", "{1DEF47B8-7C83-411C-BC2C-1E2B7C0B6E5E}"
	ProjectSection(WebsiteProperties) = preProject
		UseIISExpress = "true"
		TargetFrameworkMoniker = ".NETFramework,Version%3Dv4.0"
		Debug.AspNetCompiler.VirtualPath = "/localhost_1771"
		Debug.AspNetCompiler.PhysicalPath = "E:\websites\resume2\resume2\HTML\cvCard-Html\"
		Debug.AspNetCompiler.TargetPath = "PrecompiledWeb\localhost_1771\"
		Debug.AspNetCompiler.Updateable = "true"
		Debug.AspNetCompiler.ForceOverwrite = "true"
		Debug.AspNetCompiler.FixedNames = "false"
		Debug.AspNetCompiler.Debug = "True"
		Release.AspNetCompiler.VirtualPath = "/localhost_1771"
		Release.AspNetCompiler.PhysicalPath = "E:\websites\resume2\resume2\HTML\cvCard-Html\"
		Release.AspNetCompiler.TargetPath = "PrecompiledWeb\localhost_1771\"
		Release.AspNetCompiler.Updateable = "true"
		Release.AspNetCompiler.ForceOverwrite = "true"
		Release.AspNetCompiler.FixedNames = "false"
		Release.AspNetCompiler.Debug = "False"
		SlnRelativePath = "E:\websites\resume2\resume2\HTML\cvCard-Html\"
	EndProjectSection
EndProject
Global
	GlobalSection(SolutionConfigurationPlatforms) = preSolution
		Debug|Any CPU = Debug|Any CPU
	EndGlobalSection
	GlobalSection(ProjectConfigurationPlatforms) = postSolution
		{1DEF47B8-7C83-411C-BC2C-1E2B7C0B6E5E}.Debug|Any CPU.ActiveCfg = Debug|Any CPU
		{1DEF47B8-7C83-411C-BC2C-1E2B7C0B6E5E}.Debug|Any CPU.Build.0 = Debug|Any CPU
	EndGlobalSection
	GlobalSection(SolutionProperties) = preSolution
		HideSolutionNode = FALSE
	EndGlobalSection
EndGlobal
